
Microsoft Visual Studio Solution File, Format Version 12.00
# Visual Studio Version 16
VisualStudioVersion = 16.0.31410.357
MinimumVisualStudioVersion = 10.0.40219.1
Project("{FAE04EC0-301F-11D3-BF4B-00C04F79EFBC}") = "NunitTesting", "NunitTesting\NunitTesting.csproj", "{B9CC0B7A-D446-4256-8DC3-328218C9D8AB}"
EndProject
Global
	GlobalSection(SolutionConfigurationPlatforms) = preSolution
		Debug|Any CPU = Debug|Any CPU
		Release|Any CPU = Release|Any CPU
	EndGlobalSection
	GlobalSection(ProjectConfigurationPlatforms) = postSolution
		{B9CC0B7A-D446-4256-8DC3-328218C9D8AB}.Debug|Any CPU.ActiveCfg = Debug|Any CPU
		{B9CC0B7A-D446-4256-8DC3-328218C9D8AB}.Debug|Any CPU.Build.0 = Debug|Any CPU
		{B9CC0B7A-D446-4256-8DC3-328218C9D8AB}.Release|Any CPU.ActiveCfg = Release|Any CPU
		{B9CC0B7A-D446-4256-8DC3-328218C9D8AB}.Release|Any CPU.Build.0 = Release|Any CPU
	EndGlobalSection
	GlobalSection(SolutionProperties) = preSolution
		HideSolutionNode = FALSE
	EndGlobalSection
	GlobalSection(ExtensibilityGlobals) = postSolution
		SolutionGuid = {2ED75E53-EE45-4A5E-82B0-E10361264600}
	EndGlobalSection
EndGlobal
